
Microsoft Visual Studio Solution File, Format Version 12.00
# Visual Studio 14
VisualStudioVersion = 14.0.25123.0
MinimumVisualStudioVersion = 10.0.40219.1
Project("{8BC9CEB8-8B4A-11D0-8D11-00A0C91BC942}") = "nya_qt_integration_test", "nya_qt_integration_test\nya_qt_integration_test.vcxproj", "{A25D8487-EBB9-4FA5-8803-7972C9248FEB}"
EndProject
Project("{8BC9CEB8-8B4A-11D0-8D11-00A0C91BC942}") = "nya_engine_desktop_opengl", "ext\nya-engine\build\vs2015\nya_engine_desktop_opengl.vcxproj", "{35C1C4FC-C0E4-4DA2-B857-D23D6F7832D0}"
EndProject
Global
	GlobalSection(SharedMSBuildProjectFiles) = preSolution
		ext\nya-engine\build\vs2015\nya_engine.vcxitems*{35c1c4fc-c0e4-4da2-b857-d23d6f7832d0}*SharedItemsImports = 4
	EndGlobalSection
	GlobalSection(SolutionConfigurationPlatforms) = preSolution
		Debug|x64 = Debug|x64
		Debug|x86 = Debug|x86
		Release|x64 = Release|x64
		Release|x86 = Release|x86
	EndGlobalSection
	GlobalSection(ProjectConfigurationPlatforms) = postSolution
		{A25D8487-EBB9-4FA5-8803-7972C9248FEB}.Debug|x64.ActiveCfg = Debug|x64
		{A25D8487-EBB9-4FA5-8803-7972C9248FEB}.Debug|x64.Build.0 = Debug|x64
		{A25D8487-EBB9-4FA5-8803-7972C9248FEB}.Debug|x86.ActiveCfg = Debug|Win32
		{A25D8487-EBB9-4FA5-8803-7972C9248FEB}.Debug|x86.Build.0 = Debug|Win32
		{A25D8487-EBB9-4FA5-8803-7972C9248FEB}.Release|x64.ActiveCfg = Release|x64
		{A25D8487-EBB9-4FA5-8803-7972C9248FEB}.Release|x64.Build.0 = Release|x64
		{A25D8487-EBB9-4FA5-8803-7972C9248FEB}.Release|x86.ActiveCfg = Release|Win32
		{A25D8487-EBB9-4FA5-8803-7972C9248FEB}.Release|x86.Build.0 = Release|Win32
		{35C1C4FC-C0E4-4DA2-B857-D23D6F7832D0}.Debug|x64.ActiveCfg = Debug|x64
		{35C1C4FC-C0E4-4DA2-B857-D23D6F7832D0}.Debug|x64.Build.0 = Debug|x64
		{35C1C4FC-C0E4-4DA2-B857-D23D6F7832D0}.Debug|x86.ActiveCfg = Debug|Win32
		{35C1C4FC-C0E4-4DA2-B857-D23D6F7832D0}.Debug|x86.Build.0 = Debug|Win32
		{35C1C4FC-C0E4-4DA2-B857-D23D6F7832D0}.Release|x64.ActiveCfg = Release|x64
		{35C1C4FC-C0E4-4DA2-B857-D23D6F7832D0}.Release|x64.Build.0 = Release|x64
		{35C1C4FC-C0E4-4DA2-B857-D23D6F7832D0}.Release|x86.ActiveCfg = Release|Win32
		{35C1C4FC-C0E4-4DA2-B857-D23D6F7832D0}.Release|x86.Build.0 = Release|Win32
	EndGlobalSection
	GlobalSection(SolutionProperties) = preSolution
		HideSolutionNode = FALSE
	EndGlobalSection
EndGlobal
